dependencies:
- name: commonground-gateway
  repository: https://raw.githubusercontent.com/ConductionNL/commonground-gateway/feature-cleanup/api/helm/
  version: 1.2.0
- name: elasticstack
  repository: https://raw.githubusercontent.com/Klantinteractie-Servicesysteem/Helm-Charts/feature/elastic-stack-chart/
  version: 0.2.0
- name: skeleton-app
  repository: https://raw.githubusercontent.com/ConductionNL/gateway-ui/demo/helm/
  version: 0.1.1
digest: sha256:7a464bae9eca927e754162b6a0ab8d068cf8f4ed02b1ecb97ccbddc50dc9f8cd
generated: "2023-01-04T10:09:50.319229169+01:00"
