dependencies:
- name: commonground-gateway
  repository: https://raw.githubusercontent.com/ConductionNL/commonground-gateway/feature-cleanup/api/helm/
  version: 1.2.0
- name: elasticstack
  repository: https://raw.githubusercontent.com/Klantinteractie-Servicesysteem/Helm-Charts/feature/elastic-stack-chart/
  version: 0.4.0
- name: skeleton-app
  repository: https://raw.githubusercontent.com/ConductionNL/gateway-ui/demo/helm/
  version: 0.1.1
- name: dex
  repository: https://charts.dexidp.io
  version: 0.12.1
- name: openldap
  repository: https://jp-gouin.github.io/helm-openldap/
  version: 2.0.4
digest: sha256:a80c3f020f169412df4020beb0726c2e8c81dae29a1761edb6c499d149e7b1d7
generated: "2023-01-04T12:08:25.041646536+01:00"
